{
  "name": "rolling-bites",
  "version": "1.0.0",
  "lockfileVersion": 3,
  "requires": true,
  "packages": {
    "": {
      "name": "rolling-bites",
      "version": "1.0.0",
      "license": "ISC",
      "dependencies": {
        "leaflet": "^1.7.1",
        "phoenix": "^1.7.6",
        "phoenix_html": "^3.3.1",
        "phoenix_live_view": "0.19.3"
      },
      "devDependencies": {
        "esbuild": "^0.18.10"
      }
    },
    "node_modules/@esbuild/linux-x64": {
      "version": "0.18.10",
      "resolved": "https://registry.npmjs.org/@esbuild/linux-x64/-/linux-x64-0.18.10.tgz",
      "integrity": "sha512-wj2KRsCsFusli+6yFgNO/zmmLslislAWryJnodteRmGej7ZzinIbMdsyp13rVGde88zxJd5vercNYK9kuvlZaQ==",
      "cpu": [
        "x64"
      ],
      "dev": true,
      "optional": true,
      "os": [
        "linux"
      ],
      "engines": {
        "node": ">=12"
      }
    },
    "node_modules/esbuild": {
      "version": "0.18.10",
      "resolved": "https://registry.npmjs.org/esbuild/-/esbuild-0.18.10.tgz",
      "integrity": "sha512-33WKo67auOXzZHBY/9DTJRo7kIvfU12S+D4sp2wIz39N88MDIaCGyCwbW01RR70pK6Iya0I74lHEpyLfFqOHPA==",
      "dev": true,
      "hasInstallScript": true,
      "bin": {
        "esbuild": "bin/esbuild"
      },
      "engines": {
        "node": ">=12"
      },
      "optionalDependencies": {
        "@esbuild/android-arm": "0.18.10",
        "@esbuild/android-arm64": "0.18.10",
        "@esbuild/android-x64": "0.18.10",
        "@esbuild/darwin-arm64": "0.18.10",
        "@esbuild/darwin-x64": "0.18.10",
        "@esbuild/freebsd-arm64": "0.18.10",
        "@esbuild/freebsd-x64": "0.18.10",
        "@esbuild/linux-arm": "0.18.10",
        "@esbuild/linux-arm64": "0.18.10",
        "@esbuild/linux-ia32": "0.18.10",
        "@esbuild/linux-loong64": "0.18.10",
        "@esbuild/linux-mips64el": "0.18.10",
        "@esbuild/linux-ppc64": "0.18.10",
        "@esbuild/linux-riscv64": "0.18.10",
        "@esbuild/linux-s390x": "0.18.10",
        "@esbuild/linux-x64": "0.18.10",
        "@esbuild/netbsd-x64": "0.18.10",
        "@esbuild/openbsd-x64": "0.18.10",
        "@esbuild/sunos-x64": "0.18.10",
        "@esbuild/win32-arm64": "0.18.10",
        "@esbuild/win32-ia32": "0.18.10",
        "@esbuild/win32-x64": "0.18.10"
      }
    },
    "node_modules/leaflet": {
      "version": "1.7.1",
      "resolved": "https://registry.npmjs.org/leaflet/-/leaflet-1.7.1.tgz",
      "integrity": "sha512-/xwPEBidtg69Q3HlqPdU3DnrXQOvQU/CCHA1tcDQVzOwm91YMYaILjNp7L4Eaw5Z4sOYdbBz6koWyibppd8Zqw=="
    },
    "node_modules/phoenix": {
      "version": "1.7.6",
      "resolved": "https://registry.npmjs.org/phoenix/-/phoenix-1.7.6.tgz",
      "integrity": "sha512-TOZmJqQaZIWDXMcRXo/qLSBcROFgfA0W/LlaJ9RpETGSYSTouGTJKw5ozR6dII6iPHpOXHagc9kV5WYO9LtTRQ=="
    },
    "node_modules/phoenix_html": {
      "version": "3.3.1",
      "resolved": "https://registry.npmjs.org/phoenix_html/-/phoenix_html-3.3.1.tgz",
      "integrity": "sha512-t/9Saqpe8vznZYHMDim7HS32Dd2/rKf3+uxuKKNRADLpGXVIDjselOY6pK8aNaLiY2gnlqsoz6yIpUBuoLT63w=="
    },
    "node_modules/phoenix_live_view": {
      "version": "0.19.3",
      "resolved": "https://registry.npmjs.org/phoenix_live_view/-/phoenix_live_view-0.19.3.tgz",
      "integrity": "sha512-naXvQmIOfpV99+g+YdIFz8I2O79R3vFRziSVuyqmZ1bemMV0TZIHAAwOhsMjoXtkvM8GmGbTrxMU8hq/atRrnw=="
    }
  }
}
